// !$*UTF8*$!
{
	archiveVersion = 1;
	classes = {
	};
	objectVersion = 50;
	objects = {

/* Begin PBXBuildFile section */
		1C04111A22D870FB00431E6A /* AppDelegate.swift in Sources */ = {isa = PBXBuildFile; fileRef = 1C04111922D870FB00431E6A /* AppDelegate.swift */; };
		1C04111C22D870FB00431E6A /* art.scnassets in Resources */ = {isa = PBXBuildFile; fileRef = 1C04111B22D870FB00431E6A /* art.scnassets */; };
		1C04111E22D870FB00431E6A /* ViewController.swift in Sources */ = {isa = PBXBuildFile; fileRef = 1C04111D22D870FB00431E6A /* ViewController.swift */; };
		1C04112122D870FB00431E6A /* Main.storyboard in Resources */ = {isa = PBXBuildFile; fileRef = 1C04111F22D870FB00431E6A /* Main.storyboard */; };
		1C04112322D870FB00431E6A /* Assets.xcassets in Resources */ = {isa = PBXBuildFile; fileRef = 1C04112222D870FB00431E6A /* Assets.xcassets */; };
		1C04112622D870FB00431E6A /* LaunchScreen.storyboard in Resources */ = {isa = PBXBuildFile; fileRef = 1C04112422D870FB00431E6A /* LaunchScreen.storyboard */; };
		8BFF89A622E18FE000D604C9 /* Ding.m4a in Resources */ = {isa = PBXBuildFile; fileRef = 8BFF89A522E18FE000D604C9 /* Ding.m4a */; };
		8BFF89A822E198B100D604C9 /* majorlazermono.mp3 in Resources */ = {isa = PBXBuildFile; fileRef = 8BFF89A722E198B100D604C9 /* majorlazermono.mp3 */; };
		8BFF89AC22E1DAF300D604C9 /* guitar_grunge.mp3 in Resources */ = {isa = PBXBuildFile; fileRef = 8BFF89A922E1DAF300D604C9 /* guitar_grunge.mp3 */; };
		8BFF89AD22E1DAF300D604C9 /* thriller_synth.mp3 in Resources */ = {isa = PBXBuildFile; fileRef = 8BFF89AA22E1DAF300D604C9 /* thriller_synth.mp3 */; };
		8BFF89AE22E1DAF300D604C9 /* drum_break.mp3 in Resources */ = {isa = PBXBuildFile; fileRef = 8BFF89AB22E1DAF300D604C9 /* drum_break.mp3 */; };
		8BFF89B322E1EC9000D604C9 /* White Noise mono.wav in Resources */ = {isa = PBXBuildFile; fileRef = 8BFF89B122E1EC9000D604C9 /* White Noise mono.wav */; };
		8BFF89B422E1EC9000D604C9 /* Sine Chirp mono.wav in Resources */ = {isa = PBXBuildFile; fileRef = 8BFF89B222E1EC9000D604C9 /* Sine Chirp mono.wav */; };
/* End PBXBuildFile section */

/* Begin PBXFileReference section */
		1C04111622D870FB00431E6A /* MultipleObjectTouch.app */ = {isa = PBXFileReference; explicitFileType = wrapper.application; includeInIndex = 0; path = MultipleObjectTouch.app; sourceTree = BUILT_PRODUCTS_DIR; };
		1C04111922D870FB00431E6A /* AppDelegate.swift */ = {isa = PBXFileReference; lastKnownFileType = sourcecode.swift; path = AppDelegate.swift; sourceTree = "<group>"; };
		1C04111B22D870FB00431E6A /* art.scnassets */ = {isa = PBXFileReference; lastKnownFileType = wrapper.scnassets; path = art.scnassets; sourceTree = "<group>"; };
		1C04111D22D870FB00431E6A /* ViewController.swift */ = {isa = PBXFileReference; lastKnownFileType = sourcecode.swift; path = ViewController.swift; sourceTree = "<group>"; };
		1C04112022D870FB00431E6A /* Base */ = {isa = PBXFileReference; lastKnownFileType = file.storyboard; name = Base; path = Base.lproj/Main.storyboard; sourceTree = "<group>"; };
		1C04112222D870FB00431E6A /* Assets.xcassets */ = {isa = PBXFileReference; lastKnownFileType = folder.assetcatalog; path = Assets.xcassets; sourceTree = "<group>"; };
		1C04112522D870FB00431E6A /* Base */ = {isa = PBXFileReference; lastKnownFileType = file.storyboard; name = Base; path = Base.lproj/LaunchScreen.storyboard; sourceTree = "<group>"; };
		1C04112722D870FB00431E6A /* Info.plist */ = {isa = PBXFileReference; lastKnownFileType = text.plist.xml; path = Info.plist; sourceTree = "<group>"; };
		8BFF89A522E18FE000D604C9 /* Ding.m4a */ = {isa = PBXFileReference; lastKnownFileType = file; path = Ding.m4a; sourceTree = "<group>"; };
		8BFF89A722E198B100D604C9 /* majorlazermono.mp3 */ = {isa = PBXFileReference; lastKnownFileType = audio.mp3; name = majorlazermono.mp3; path = art.scnassets/majorlazermono.mp3; sourceTree = "<group>"; };
		8BFF89A922E1DAF300D604C9 /* guitar_grunge.mp3 */ = {isa = PBXFileReference; lastKnownFileType = audio.mp3; path = guitar_grunge.mp3; sourceTree = "<group>"; };
		8BFF89AA22E1DAF300D604C9 /* thriller_synth.mp3 */ = {isa = PBXFileReference; lastKnownFileType = audio.mp3; path = thriller_synth.mp3; sourceTree = "<group>"; };
		8BFF89AB22E1DAF300D604C9 /* drum_break.mp3 */ = {isa = PBXFileReference; lastKnownFileType = audio.mp3; path = drum_break.mp3; sourceTree = "<group>"; };
		8BFF89B122E1EC9000D604C9 /* White Noise mono.wav */ = {isa = PBXFileReference; lastKnownFileType = audio.wav; path = "White Noise mono.wav"; sourceTree = "<group>"; };
		8BFF89B222E1EC9000D604C9 /* Sine Chirp mono.wav */ = {isa = PBXFileReference; lastKnownFileType = audio.wav; path = "Sine Chirp mono.wav"; sourceTree = "<group>"; };
/* End PBXFileReference section */

/* Begin PBXFrameworksBuildPhase section */
		1C04111322D870FB00431E6A /* Frameworks */ = {
			isa = PBXFrameworksBuildPhase;
			buildActionMask = 2147483647;
			files = (
			);
			runOnlyForDeploymentPostprocessing = 0;
		};
/* End PBXFrameworksBuildPhase section */

/* Begin PBXGroup section */
		1C04110D22D870FB00431E6A = {
			isa = PBXGroup;
			children = (
				1C04111822D870FB00431E6A /* MultipleObjectTouch */,
				1C04111722D870FB00431E6A /* Products */,
			);
			sourceTree = "<group>";
		};
		1C04111722D870FB00431E6A /* Products */ = {
			isa = PBXGroup;
			children = (
				1C04111622D870FB00431E6A /* MultipleObjectTouch.app */,
			);
			name = Products;
			sourceTree = "<group>";
		};
		1C04111822D870FB00431E6A /* MultipleObjectTouch */ = {
			isa = PBXGroup;
			children = (
				1C04111922D870FB00431E6A /* AppDelegate.swift */,
				1C04111F22D870FB00431E6A /* Main.storyboard */,
				1C04111D22D870FB00431E6A /* ViewController.swift */,
				8BFF89A522E18FE000D604C9 /* Ding.m4a */,
				8BFF89A722E198B100D604C9 /* majorlazermono.mp3 */,
				8BFF89AB22E1DAF300D604C9 /* drum_break.mp3 */,
				8BFF89A922E1DAF300D604C9 /* guitar_grunge.mp3 */,
				8BFF89AA22E1DAF300D604C9 /* thriller_synth.mp3 */,
				8BFF89B222E1EC9000D604C9 /* Sine Chirp mono.wav */,
				8BFF89B122E1EC9000D604C9 /* White Noise mono.wav */,
				1C04111B22D870FB00431E6A /* art.scnassets */,
				1C04112222D870FB00431E6A /* Assets.xcassets */,
				1C04112422D870FB00431E6A /* LaunchScreen.storyboard */,
				1C04112722D870FB00431E6A /* Info.plist */,
			);
			path = MultipleObjectTouch;
			sourceTree = "<group>";
		};
/* End PBXGroup section */

/* Begin PBXNativeTarget section */
		1C04111522D870FB00431E6A /* MultipleObjectTouch */ = {
			isa = PBXNativeTarget;
			buildConfigurationList = 1C04112A22D870FB00431E6A /* Build configuration list for PBXNativeTarget "MultipleObjectTouch" */;
			buildPhases = (
				1C04111222D870FB00431E6A /* Sources */,
				1C04111322D870FB00431E6A /* Frameworks */,
				1C04111422D870FB00431E6A /* Resources */,
			);
			buildRules = (
			);
			dependencies = (
			);
			name = MultipleObjectTouch;
			productName = MultipleObjectTouch;
			productReference = 1C04111622D870FB00431E6A /* MultipleObjectTouch.app */;
			productType = "com.apple.product-type.application";
		};
/* End PBXNativeTarget section */

/* Begin PBXProject section */
		1C04110E22D870FB00431E6A /* Project object */ = {
			isa = PBXProject;
			attributes = {
				LastSwiftUpdateCheck = 1100;
				LastUpgradeCheck = 1100;
				ORGANIZATIONNAME = "Majid Alturki";
				TargetAttributes = {
					1C04111522D870FB00431E6A = {
						CreatedOnToolsVersion = 11.0;
					};
				};
			};
			buildConfigurationList = 1C04111122D870FB00431E6A /* Build configuration list for PBXProject "MultipleObjectTouch" */;
			compatibilityVersion = "Xcode 9.3";
			developmentRegion = en;
			hasScannedForEncodings = 0;
			knownRegions = (
				en,
				Base,
			);
			mainGroup = 1C04110D22D870FB00431E6A;
			productRefGroup = 1C04111722D870FB00431E6A /* Products */;
			projectDirPath = "";
			projectRoot = "";
			targets = (
				1C04111522D870FB00431E6A /* MultipleObjectTouch */,
			);
		};
/* End PBXProject section */

/* Begin PBXResourcesBuildPhase section */
		1C04111422D870FB00431E6A /* Resources */ = {
			isa = PBXResourcesBuildPhase;
			buildActionMask = 2147483647;
			files = (
				8BFF89B322E1EC9000D604C9 /* White Noise mono.wav in Resources */,
				1C04111C22D870FB00431E6A /* art.scnassets in Resources */,
				1C04112622D870FB00431E6A /* LaunchScreen.storyboard in Resources */,
				8BFF89AE22E1DAF300D604C9 /* drum_break.mp3 in Resources */,
				8BFF89A822E198B100D604C9 /* majorlazermono.mp3 in Resources */,
				8BFF89AD22E1DAF300D604C9 /* thriller_synth.mp3 in Resources */,
				8BFF89AC22E1DAF300D604C9 /* guitar_grunge.mp3 in Resources */,
				1C04112322D870FB00431E6A /* Assets.xcassets in Resources */,
				1C04112122D870FB00431E6A /* Main.storyboard in Resources */,
				8BFF89A622E18FE000D604C9 /* Ding.m4a in Resources */,
				8BFF89B422E1EC9000D604C9 /* Sine Chirp mono.wav in Resources */,
			);
			runOnlyForDeploymentPostprocessing = 0;
		};
/* End PBXResourcesBuildPhase section */

/* Begin PBXSourcesBuildPhase section */
		1C04111222D870FB00431E6A /* Sources */ = {
			isa = PBXSourcesBuildPhase;
			buildActionMask = 2147483647;
			files = (
				1C04111E22D870FB00431E6A /* ViewController.swift in Sources */,
				1C04111A22D870FB00431E6A /* AppDelegate.swift in Sources */,
			);
			runOnlyForDeploymentPostprocessing = 0;
		};
/* End PBXSourcesBuildPhase section */

/* Begin PBXVariantGroup section */
		1C04111F22D870FB00431E6A /* Main.storyboard */ = {
			isa = PBXVariantGroup;
			children = (
				1C04112022D870FB00431E6A /* Base */,
			);
			name = Main.storyboard;
			sourceTree = "<group>";
		};
		1C04112422D870FB00431E6A /* LaunchScreen.storyboard */ = {
			isa = PBXVariantGroup;
			children = (
				1C04112522D870FB00431E6A /* Base */,
			);
			name = LaunchScreen.storyboard;
			sourceTree = "<group>";
		};
/* End PBXVariantGroup section */

/* Begin XCBuildConfiguration section */
		1C04112822D870FB00431E6A /* Debug */ = {
			isa = XCBuildConfiguration;
			buildSettings = {
				ALWAYS_SEARCH_USER_PATHS = NO;
				CLANG_ANALYZER_NONNULL = YES;
				CLANG_ANALYZER_NUMBER_OBJECT_CONVERSION = YES_AGGRESSIVE;
				CLANG_CXX_LANGUAGE_STANDARD = "gnu++14";
				CLANG_CXX_LIBRARY = "libc++";
				CLANG_ENABLE_MODULES = YES;
				CLANG_ENABLE_OBJC_ARC = YES;
				CLANG_ENABLE_OBJC_WEAK = YES;
				CLANG_WARN_BLOCK_CAPTURE_AUTORELEASING = YES;
				CLANG_WARN_BOOL_CONVERSION = YES;
				CLANG_WARN_COMMA = YES;
				CLANG_WARN_CONSTANT_CONVERSION = YES;
				CLANG_WARN_DEPRECATED_OBJC_IMPLEMENTATIONS = YES;
				CLANG_WARN_DIRECT_OBJC_ISA_USAGE = YES_ERROR;
				CLANG_WARN_DOCUMENTATION_COMMENTS = YES;
				CLANG_WARN_EMPTY_BODY = YES;
				CLANG_WARN_ENUM_CONVERSION = YES;
				CLANG_WARN_INFINITE_RECURSION = YES;
				CLANG_WARN_INT_CONVERSION = YES;
				CLANG_WARN_NON_LITERAL_NULL_CONVERSION = YES;
				CLANG_WARN_OBJC_IMPLICIT_RETAIN_SELF = YES;
				CLANG_WARN_OBJC_LITERAL_CONVERSION = YES;
				CLANG_WARN_OBJC_ROOT_CLASS = YES_ERROR;
				CLANG_WARN_RANGE_LOOP_ANALYSIS = YES;
				CLANG_WARN_STRICT_PROTOTYPES = YES;
				CLANG_WARN_SUSPICIOUS_MOVE = YES;
				CLANG_WARN_UNGUARDED_AVAILABILITY = YES_AGGRESSIVE;
				CLANG_WARN_UNREACHABLE_CODE = YES;
				CLANG_WARN__DUPLICATE_METHOD_MATCH = YES;
				COPY_PHASE_STRIP = NO;
				DEBUG_INFORMATION_FORMAT = dwarf;
				ENABLE_STRICT_OBJC_MSGSEND = YES;
				ENABLE_TESTABILITY = YES;
				GCC_C_LANGUAGE_STANDARD = gnu11;
				GCC_DYNAMIC_NO_PIC = NO;
				GCC_NO_COMMON_BLOCKS = YES;
				GCC_OPTIMIZATION_LEVEL = 0;
				GCC_PREPROCESSOR_DEFINITIONS = (
					"DEBUG=1",
					"$(inherited)",
				);
				GCC_WARN_64_TO_32_BIT_CONVERSION = YES;
				GCC_WARN_ABOUT_RETURN_TYPE = YES_ERROR;
				GCC_WARN_UNDECLARED_SELECTOR = YES;
				GCC_WARN_UNINITIALIZED_AUTOS = YES_AGGRESSIVE;
				GCC_WARN_UNUSED_FUNCTION = YES;
				GCC_WARN_UNUSED_VARIABLE = YES;
				IPHONEOS_DEPLOYMENT_TARGET = 13.0;
				MTL_ENABLE_DEBUG_INFO = INCLUDE_SOURCE;
				MTL_FAST_MATH = YES;
				ONLY_ACTIVE_ARCH = YES;
				SDKROOT = iphoneos;
				SWIFT_ACTIVE_COMPILATION_CONDITIONS = DEBUG;
				SWIFT_OPTIMIZATION_LEVEL = "-Onone";
			};
			name = Debug;
		};
		1C04112922D870FB00431E6A /* Release */ = {
			isa = XCBuildConfiguration;
			buildSettings = {
				ALWAYS_SEARCH_USER_PATHS = NO;
				CLANG_ANALYZER_NONNULL = YES;
				CLANG_ANALYZER_NUMBER_OBJECT_CONVERSION = YES_AGGRESSIVE;
				CLANG_CXX_LANGUAGE_STANDARD = "gnu++14";
				CLANG_CXX_LIBRARY = "libc++";
				CLANG_ENABLE_MODULES = YES;
				CLANG_ENABLE_OBJC_ARC = YES;
				CLANG_ENABLE_OBJC_WEAK = YES;
				CLANG_WARN_BLOCK_CAPTURE_AUTORELEASING = YES;
				CLANG_WARN_BOOL_CONVERSION = YES;
				CLANG_WARN_COMMA = YES;
				CLANG_WARN_CONSTANT_CONVERSION = YES;
				CLANG_WARN_DEPRECATED_OBJC_IMPLEMENTATIONS = YES;
				CLANG_WARN_DIRECT_OBJC_ISA_USAGE = YES_ERROR;
				CLANG_WARN_DOCUMENTATION_COMMENTS = YES;
				CLANG_WARN_EMPTY_BODY = YES;
				CLANG_WARN_ENUM_CONVERSION = YES;
				CLANG_WARN_INFINITE_RECURSION = YES;
				CLANG_WARN_INT_CONVERSION = YES;
				CLANG_WARN_NON_LITERAL_NULL_CONVERSION = YES;
				CLANG_WARN_OBJC_IMPLICIT_RETAIN_SELF = YES;
				CLANG_WARN_OBJC_LITERAL_CONVERSION = YES;
				CLANG_WARN_OBJC_ROOT_CLASS = YES_ERROR;
				CLANG_WARN_RANGE_LOOP_ANALYSIS = YES;
				CLANG_WARN_STRICT_PROTOTYPES = YES;
				CLANG_WARN_SUSPICIOUS_MOVE = YES;
				CLANG_WARN_UNGUARDED_AVAILABILITY = YES_AGGRESSIVE;
				CLANG_WARN_UNREACHABLE_CODE = YES;
				CLANG_WARN__DUPLICATE_METHOD_MATCH = YES;
				COPY_PHASE_STRIP = NO;
				DEBUG_INFORMATION_FORMAT = "dwarf-with-dsym";
				ENABLE_NS_ASSERTIONS = NO;
				ENABLE_STRICT_OBJC_MSGSEND = YES;
				GCC_C_LANGUAGE_STANDARD = gnu11;
				GCC_NO_COMMON_BLOCKS = YES;
				GCC_WARN_64_TO_32_BIT_CONVERSION = YES;
				GCC_WARN_ABOUT_RETURN_TYPE = YES_ERROR;
				GCC_WARN_UNDECLARED_SELECTOR = YES;
				GCC_WARN_UNINITIALIZED_AUTOS = YES_AGGRESSIVE;
				GCC_WARN_UNUSED_FUNCTION = YES;
				GCC_WARN_UNUSED_VARIABLE = YES;
				IPHONEOS_DEPLOYMENT_TARGET = 13.0;
				MTL_ENABLE_DEBUG_INFO = NO;
				MTL_FAST_MATH = YES;
				SDKROOT = iphoneos;
				SWIFT_COMPILATION_MODE = wholemodule;
				SWIFT_OPTIMIZATION_LEVEL = "-O";
				VALIDATE_PRODUCT = YES;
			};
			name = Release;
		};
		1C04112B22D870FB00431E6A /* Debug */ = {
			isa = XCBuildConfiguration;
			buildSettings = {
				ASSETCATALOG_COMPILER_APPICON_NAME = AppIcon;
				CODE_SIGN_IDENTITY = "iPhone Developer";
				CODE_SIGN_STYLE = Automatic;
				DEVELOPMENT_TEAM = 2J48W4SF2A;
				INFOPLIST_FILE = MultipleObjectTouch/Info.plist;
				IPHONEOS_DEPLOYMENT_TARGET = 11.1;
				LD_RUNPATH_SEARCH_PATHS = (
					"$(inherited)",
					"@executable_path/Frameworks",
				);
				PRODUCT_BUNDLE_IDENTIFIER = learning.rptwsthi.MultipleObjectTouch;
				PRODUCT_NAME = "$(TARGET_NAME)";
				PROVISIONING_PROFILE_SPECIFIER = "";
				SWIFT_VERSION = 5.0;
				TARGETED_DEVICE_FAMILY = "1,2";
			};
			name = Debug;
		};
		1C04112C22D870FB00431E6A /* Release */ = {
			isa = XCBuildConfiguration;
			buildSettings = {
				ASSETCATALOG_COMPILER_APPICON_NAME = AppIcon;
				CODE_SIGN_IDENTITY = "iPhone Developer";
				CODE_SIGN_STYLE = Automatic;
				DEVELOPMENT_TEAM = 2J48W4SF2A;
				INFOPLIST_FILE = MultipleObjectTouch/Info.plist;
				IPHONEOS_DEPLOYMENT_TARGET = 11.1;
				LD_RUNPATH_SEARCH_PATHS = (
					"$(inherited)",
					"@executable_path/Frameworks",
				);
				PRODUCT_BUNDLE_IDENTIFIER = learning.rptwsthi.MultipleObjectTouch;
				PRODUCT_NAME = "$(TARGET_NAME)";
				PROVISIONING_PROFILE_SPECIFIER = "";
				SWIFT_VERSION = 5.0;
				TARGETED_DEVICE_FAMILY = "1,2";
			};
			name = Release;
		};
/* End XCBuildConfiguration section */

/* Begin XCConfigurationList section */
		1C04111122D870FB00431E6A /* Build configuration list for PBXProject "MultipleObjectTouch" */ = {
			isa = XCConfigurationList;
			buildConfigurations = (
				1C04112822D870FB00431E6A /* Debug */,
				1C04112922D870FB00431E6A /* Release */,
			);
			defaultConfigurationIsVisible = 0;
			defaultConfigurationName = Release;
		};
		1C04112A22D870FB00431E6A /* Build configuration list for PBXNativeTarget "MultipleObjectTouch" */ = {
			isa = XCConfigurationList;
			buildConfigurations = (
				1C04112B22D870FB00431E6A /* Debug */,
				1C04112C22D870FB00431E6A /* Release */,
			);
			defaultConfigurationIsVisible = 0;
			defaultConfigurationName = Release;
		};
/* End XCConfigurationList section */
	};
	rootObject = 1C04110E22D870FB00431E6A /* Project object */;
}
